// !$*UTF8*$!
{
	archiveVersion = 1;
	classes = {
	};
	objectVersion = 46;
	objects = {

/* Begin PBXBuildFile section */
		F565CD49195B6A5B002DA34C /* Foundation.framework in Frameworks */ = {isa = PBXBuildFile; fileRef = F565CD48195B6A5B002DA34C /* Foundation.framework */; };
		F565CD4B195B6A5B002DA34C /* CoreGraphics.framework in Frameworks */ = {isa = PBXBuildFile; fileRef = F565CD4A195B6A5B002DA34C /* CoreGraphics.framework */; };
		F565CD4D195B6A5B002DA34C /* UIKit.framework in Frameworks */ = {isa = PBXBuildFile; fileRef = F565CD4C195B6A5B002DA34C /* UIKit.framework */; };
		F565CD53195B6A5C002DA34C /* InfoPlist.strings in Resources */ = {isa = PBXBuildFile; fileRef = F565CD51195B6A5C002DA34C /* InfoPlist.strings */; };
		F565CD55195B6A5C002DA34C /* main.m in Sources */ = {isa = PBXBuildFile; fileRef = F565CD54195B6A5C002DA34C /* main.m */; };
		F565CD59195B6A5C002DA34C /* AppDelegate.m in Sources */ = {isa = PBXBuildFile; fileRef = F565CD58195B6A5C002DA34C /* AppDelegate.m */; };
		F565CD5C195B6A5C002DA34C /* Main.storyboard in Resources */ = {isa = PBXBuildFile; fileRef = F565CD5A195B6A5C002DA34C /* Main.storyboard */; };
		F565CD5F195B6A5C002DA34C /* ViewController.m in Sources */ = {isa = PBXBuildFile; fileRef = F565CD5E195B6A5C002DA34C /* ViewController.m */; };
		F565CD61195B6A5C002DA34C /* Images.xcassets in Resources */ = {isa = PBXBuildFile; fileRef = F565CD60195B6A5C002DA34C /* Images.xcassets */; };
		F565CD68195B6A5C002DA34C /* XCTest.framework in Frameworks */ = {isa = PBXBuildFile; fileRef = F565CD67195B6A5C002DA34C /* XCTest.framework */; };
		F565CD69195B6A5C002DA34C /* Foundation.framework in Frameworks */ = {isa = PBXBuildFile; fileRef = F565CD48195B6A5B002DA34C /* Foundation.framework */; };
		F565CD6A195B6A5C002DA34C /* UIKit.framework in Frameworks */ = {isa = PBXBuildFile; fileRef = F565CD4C195B6A5B002DA34C /* UIKit.framework */; };
		F565CD72195B6A5C002DA34C /* InfoPlist.strings in Resources */ = {isa = PBXBuildFile; fileRef = F565CD70195B6A5C002DA34C /* InfoPlist.strings */; };
		F565CD74195B6A5C002DA34C /* AutoRapTests.m in Sources */ = {isa = PBXBuildFile; fileRef = F565CD73195B6A5C002DA34C /* AutoRapTests.m */; };
/* End PBXBuildFile section */

/* Begin PBXContainerItemProxy section */
		F565CD6B195B6A5C002DA34C /* PBXContainerItemProxy */ = {
			isa = PBXContainerItemProxy;
			containerPortal = F565CD3D195B6A5B002DA34C /* Project object */;
			proxyType = 1;
			remoteGlobalIDString = F565CD44195B6A5B002DA34C;
			remoteInfo = AutoRap;
		};
/* End PBXContainerItemProxy section */

/* Begin PBXFileReference section */
		F565CD45195B6A5B002DA34C /* AutoRap.app */ = {isa = PBXFileReference; explicitFileType = wrapper.application; includeInIndex = 0; path = AutoRap.app; sourceTree = BUILT_PRODUCTS_DIR; };
		F565CD48195B6A5B002DA34C /* Foundation.framework */ = {isa = PBXFileReference; lastKnownFileType = wrapper.framework; name = Foundation.framework; path = System/Library/Frameworks/Foundation.framework; sourceTree = SDKROOT; };
		F565CD4A195B6A5B002DA34C /* CoreGraphics.framework */ = {isa = PBXFileReference; lastKnownFileType = wrapper.framework; name = CoreGraphics.framework; path = System/Library/Frameworks/CoreGraphics.framework; sourceTree = SDKROOT; };
		F565CD4C195B6A5B002DA34C /* UIKit.framework */ = {isa = PBXFileReference; lastKnownFileType = wrapper.framework; name = UIKit.framework; path = System/Library/Frameworks/UIKit.framework; sourceTree = SDKROOT; };
		F565CD50195B6A5B002DA34C /* AutoRap-Info.plist */ = {isa = PBXFileReference; lastKnownFileType = text.plist.xml; path = "AutoRap-Info.plist"; sourceTree = "<group>"; };
		F565CD52195B6A5C002DA34C /* en */ = {isa = PBXFileReference; lastKnownFileType = text.plist.strings; name = en; path = en.lproj/InfoPlist.strings; sourceTree = "<group>"; };
		F565CD54195B6A5C002DA34C /* main.m */ = {isa = PBXFileReference; lastKnownFileType = sourcecode.c.objc; path = main.m; sourceTree = "<group>"; };
		F565CD56195B6A5C002DA34C /* AutoRap-Prefix.pch */ = {isa = PBXFileReference; lastKnownFileType = sourcecode.c.h; path = "AutoRap-Prefix.pch"; sourceTree = "<group>"; };
		F565CD57195B6A5C002DA34C /* AppDelegate.h */ = {isa = PBXFileReference; lastKnownFileType = sourcecode.c.h; path = AppDelegate.h; sourceTree = "<group>"; };
		F565CD58195B6A5C002DA34C /* AppDelegate.m */ = {isa = PBXFileReference; lastKnownFileType = sourcecode.c.objc; path = AppDelegate.m; sourceTree = "<group>"; };
		F565CD5B195B6A5C002DA34C /* Base */ = {isa = PBXFileReference; lastKnownFileType = file.storyboard; name = Base; path = Base.lproj/Main.storyboard; sourceTree = "<group>"; };
		F565CD5D195B6A5C002DA34C /* ViewController.h */ = {isa = PBXFileReference; lastKnownFileType = sourcecode.c.h; path = ViewController.h; sourceTree = "<group>"; };
		F565CD5E195B6A5C002DA34C /* ViewController.m */ = {isa = PBXFileReference; lastKnownFileType = sourcecode.c.objc; path = ViewController.m; sourceTree = "<group>"; };
		F565CD60195B6A5C002DA34C /* Images.xcassets */ = {isa = PBXFileReference; lastKnownFileType = folder.assetcatalog; path = Images.xcassets; sourceTree = "<group>"; };
		F565CD66195B6A5C002DA34C /* AutoRapTests.xctest */ = {isa = PBXFileReference; explicitFileType = wrapper.cfbundle; includeInIndex = 0; path = AutoRapTests.xctest; sourceTree = BUILT_PRODUCTS_DIR; };
		F565CD67195B6A5C002DA34C /* XCTest.framework */ = {isa = PBXFileReference; lastKnownFileType = wrapper.framework; name = XCTest.framework; path = Library/Frameworks/XCTest.framework; sourceTree = DEVELOPER_DIR; };
		F565CD6F195B6A5C002DA34C /* AutoRapTests-Info.plist */ = {isa = PBXFileReference; lastKnownFileType = text.plist.xml; path = "AutoRapTests-Info.plist"; sourceTree = "<group>"; };
		F565CD71195B6A5C002DA34C /* en */ = {isa = PBXFileReference; lastKnownFileType = text.plist.strings; name = en; path = en.lproj/InfoPlist.strings; sourceTree = "<group>"; };
		F565CD73195B6A5C002DA34C /* AutoRapTests.m */ = {isa = PBXFileReference; lastKnownFileType = sourcecode.c.objc; path = AutoRapTests.m; sourceTree = "<group>"; };
/* End PBXFileReference section */

/* Begin PBXFrameworksBuildPhase section */
		F565CD42195B6A5B002DA34C /* Frameworks */ = {
			isa = PBXFrameworksBuildPhase;
			buildActionMask = 2147483647;
			files = (
				F565CD4B195B6A5B002DA34C /* CoreGraphics.framework in Frameworks */,
				F565CD4D195B6A5B002DA34C /* UIKit.framework in Frameworks */,
				F565CD49195B6A5B002DA34C /* Foundation.framework in Frameworks */,
			);
			runOnlyForDeploymentPostprocessing = 0;
		};
		F565CD63195B6A5C002DA34C /* Frameworks */ = {
			isa = PBXFrameworksBuildPhase;
			buildActionMask = 2147483647;
			files = (
				F565CD68195B6A5C002DA34C /* XCTest.framework in Frameworks */,
				F565CD6A195B6A5C002DA34C /* UIKit.framework in Frameworks */,
				F565CD69195B6A5C002DA34C /* Foundation.framework in Frameworks */,
			);
			runOnlyForDeploymentPostprocessing = 0;
		};
/* End PBXFrameworksBuildPhase section */

/* Begin PBXGroup section */
		F565CD3C195B6A5B002DA34C = {
			isa = PBXGroup;
			children = (
				F565CD4E195B6A5B002DA34C /* AutoRap */,
				F565CD6D195B6A5C002DA34C /* AutoRapTests */,
				F565CD47195B6A5B002DA34C /* Frameworks */,
				F565CD46195B6A5B002DA34C /* Products */,
			);
			sourceTree = "<group>";
		};
		F565CD46195B6A5B002DA34C /* Products */ = {
			isa = PBXGroup;
			children = (
				F565CD45195B6A5B002DA34C /* AutoRap.app */,
				F565CD66195B6A5C002DA34C /* AutoRapTests.xctest */,
			);
			name = Products;
			sourceTree = "<group>";
		};
		F565CD47195B6A5B002DA34C /* Frameworks */ = {
			isa = PBXGroup;
			children = (
				F565CD48195B6A5B002DA34C /* Foundation.framework */,
				F565CD4A195B6A5B002DA34C /* CoreGraphics.framework */,
				F565CD4C195B6A5B002DA34C /* UIKit.framework */,
				F565CD67195B6A5C002DA34C /* XCTest.framework */,
			);
			name = Frameworks;
			sourceTree = "<group>";
		};
		F565CD4E195B6A5B002DA34C /* AutoRap */ = {
			isa = PBXGroup;
			children = (
				F565CD57195B6A5C002DA34C /* AppDelegate.h */,
				F565CD58195B6A5C002DA34C /* AppDelegate.m */,
				F565CD5A195B6A5C002DA34C /* Main.storyboard */,
				F565CD5D195B6A5C002DA34C /* ViewController.h */,
				F565CD5E195B6A5C002DA34C /* ViewController.m */,
				F565CD60195B6A5C002DA34C /* Images.xcassets */,
				F565CD4F195B6A5B002DA34C /* Supporting Files */,
			);
			path = AutoRap;
			sourceTree = "<group>";
		};
		F565CD4F195B6A5B002DA34C /* Supporting Files */ = {
			isa = PBXGroup;
			children = (
				F565CD50195B6A5B002DA34C /* AutoRap-Info.plist */,
				F565CD51195B6A5C002DA34C /* InfoPlist.strings */,
				F565CD54195B6A5C002DA34C /* main.m */,
				F565CD56195B6A5C002DA34C /* AutoRap-Prefix.pch */,
			);
			name = "Supporting Files";
			sourceTree = "<group>";
		};
		F565CD6D195B6A5C002DA34C /* AutoRapTests */ = {
			isa = PBXGroup;
			children = (
				F565CD73195B6A5C002DA34C /* AutoRapTests.m */,
				F565CD6E195B6A5C002DA34C /* Supporting Files */,
			);
			path = AutoRapTests;
			sourceTree = "<group>";
		};
		F565CD6E195B6A5C002DA34C /* Supporting Files */ = {
			isa = PBXGroup;
			children = (
				F565CD6F195B6A5C002DA34C /* AutoRapTests-Info.plist */,
				F565CD70195B6A5C002DA34C /* InfoPlist.strings */,
			);
			name = "Supporting Files";
			sourceTree = "<group>";
		};
/* End PBXGroup section */

/* Begin PBXNativeTarget section */
		F565CD44195B6A5B002DA34C /* AutoRap */ = {
			isa = PBXNativeTarget;
			buildConfigurationList = F565CD77195B6A5C002DA34C /* Build configuration list for PBXNativeTarget "AutoRap" */;
			buildPhases = (
				F565CD41195B6A5B002DA34C /* Sources */,
				F565CD42195B6A5B002DA34C /* Frameworks */,
				F565CD43195B6A5B002DA34C /* Resources */,
			);
			buildRules = (
			);
			dependencies = (
			);
			name = AutoRap;
			productName = AutoRap;
			productReference = F565CD45195B6A5B002DA34C /* AutoRap.app */;
			productType = "com.apple.product-type.application";
		};
		F565CD65195B6A5C002DA34C /* AutoRapTests */ = {
			isa = PBXNativeTarget;
			buildConfigurationList = F565CD7A195B6A5C002DA34C /* Build configuration list for PBXNativeTarget "AutoRapTests" */;
			buildPhases = (
				F565CD62195B6A5C002DA34C /* Sources */,
				F565CD63195B6A5C002DA34C /* Frameworks */,
				F565CD64195B6A5C002DA34C /* Resources */,
			);
			buildRules = (
			);
			dependencies = (
				F565CD6C195B6A5C002DA34C /* PBXTargetDependency */,
			);
			name = AutoRapTests;
			productName = AutoRapTests;
			productReference = F565CD66195B6A5C002DA34C /* AutoRapTests.xctest */;
			productType = "com.apple.product-type.bundle.unit-test";
		};
/* End PBXNativeTarget section */

/* Begin PBXProject section */
		F565CD3D195B6A5B002DA34C /* Project object */ = {
			isa = PBXProject;
			attributes = {
				LastUpgradeCheck = 0510;
				ORGANIZATIONNAME = "Ahmad Karim";
				TargetAttributes = {
					F565CD65195B6A5C002DA34C = {
						TestTargetID = F565CD44195B6A5B002DA34C;
					};
				};
			};
			buildConfigurationList = F565CD40195B6A5B002DA34C /* Build configuration list for PBXProject "AutoRap" */;
			compatibilityVersion = "Xcode 3.2";
			developmentRegion = English;
			hasScannedForEncodings = 0;
			knownRegions = (
				en,
				Base,
			);
			mainGroup = F565CD3C195B6A5B002DA34C;
			productRefGroup = F565CD46195B6A5B002DA34C /* Products */;
			projectDirPath = "";
			projectRoot = "";
			targets = (
				F565CD44195B6A5B002DA34C /* AutoRap */,
				F565CD65195B6A5C002DA34C /* AutoRapTests */,
			);
		};
/* End PBXProject section */

/* Begin PBXResourcesBuildPhase section */
		F565CD43195B6A5B002DA34C /* Resources */ = {
			isa = PBXResourcesBuildPhase;
			buildActionMask = 2147483647;
			files = (
				F565CD61195B6A5C002DA34C /* Images.xcassets in Resources */,
				F565CD53195B6A5C002DA34C /* InfoPlist.strings in Resources */,
				F565CD5C195B6A5C002DA34C /* Main.storyboard in Resources */,
			);
			runOnlyForDeploymentPostprocessing = 0;
		};
		F565CD64195B6A5C002DA34C /* Resources */ = {
			isa = PBXResourcesBuildPhase;
			buildActionMask = 2147483647;
			files = (
				F565CD72195B6A5C002DA34C /* InfoPlist.strings in Resources */,
			);
			runOnlyForDeploymentPostprocessing = 0;
		};
/* End PBXResourcesBuildPhase section */

/* Begin PBXSourcesBuildPhase section */
		F565CD41195B6A5B002DA34C /* Sources */ = {
			isa = PBXSourcesBuildPhase;
			buildActionMask = 2147483647;
			files = (
				F565CD5F195B6A5C002DA34C /* ViewController.m in Sources */,
				F565CD59195B6A5C002DA34C /* AppDelegate.m in Sources */,
				F565CD55195B6A5C002DA34C /* main.m in Sources */,
			);
			runOnlyForDeploymentPostprocessing = 0;
		};
		F565CD62195B6A5C002DA34C /* Sources */ = {
			isa = PBXSourcesBuildPhase;
			buildActionMask = 2147483647;
			files = (
				F565CD74195B6A5C002DA34C /* AutoRapTests.m in Sources */,
			);
			runOnlyForDeploymentPostprocessing = 0;
		};
/* End PBXSourcesBuildPhase section */

/* Begin PBXTargetDependency section */
		F565CD6C195B6A5C002DA34C /* PBXTargetDependency */ = {
			isa = PBXTargetDependency;
			target = F565CD44195B6A5B002DA34C /* AutoRap */;
			targetProxy = F565CD6B195B6A5C002DA34C /* PBXContainerItemProxy */;
		};
/* End PBXTargetDependency section */

/* Begin PBXVariantGroup section */
		F565CD51195B6A5C002DA34C /* InfoPlist.strings */ = {
			isa = PBXVariantGroup;
			children = (
				F565CD52195B6A5C002DA34C /* en */,
			);
			name = InfoPlist.strings;
			sourceTree = "<group>";
		};
		F565CD5A195B6A5C002DA34C /* Main.storyboard */ = {
			isa = PBXVariantGroup;
			children = (
				F565CD5B195B6A5C002DA34C /* Base */,
			);
			name = Main.storyboard;
			sourceTree = "<group>";
		};
		F565CD70195B6A5C002DA34C /* InfoPlist.strings */ = {
			isa = PBXVariantGroup;
			children = (
				F565CD71195B6A5C002DA34C /* en */,
			);
			name = InfoPlist.strings;
			sourceTree = "<group>";
		};
/* End PBXVariantGroup section */

/* Begin XCBuildConfiguration section */
		F565CD75195B6A5C002DA34C /* Debug */ = {
			isa = XCBuildConfiguration;
			buildSettings = {
				ALWAYS_SEARCH_USER_PATHS = NO;
				CLANG_CXX_LANGUAGE_STANDARD = "gnu++0x";
				CLANG_CXX_LIBRARY = "libc++";
				CLANG_ENABLE_MODULES = YES;
				CLANG_ENABLE_OBJC_ARC = YES;
				CLANG_WARN_BOOL_CONVERSION = YES;
				CLANG_WARN_CONSTANT_CONVERSION = YES;
				CLANG_WARN_DIRECT_OBJC_ISA_USAGE = YES_ERROR;
				CLANG_WARN_EMPTY_BODY = YES;
				CLANG_WARN_ENUM_CONVERSION = YES;
				CLANG_WARN_INT_CONVERSION = YES;
				CLANG_WARN_OBJC_ROOT_CLASS = YES_ERROR;
				CLANG_WARN__DUPLICATE_METHOD_MATCH = YES;
				"CODE_SIGN_IDENTITY[sdk=iphoneos*]" = "iPhone Developer";
				COPY_PHASE_STRIP = NO;
				GCC_C_LANGUAGE_STANDARD = gnu99;
				GCC_DYNAMIC_NO_PIC = NO;
				GCC_OPTIMIZATION_LEVEL = 0;
				GCC_PREPROCESSOR_DEFINITIONS = (
					"DEBUG=1",
					"$(inherited)",
				);
				GCC_SYMBOLS_PRIVATE_EXTERN = NO;
				GCC_WARN_64_TO_32_BIT_CONVERSION = YES;
				GCC_WARN_ABOUT_RETURN_TYPE = YES_ERROR;
				GCC_WARN_UNDECLARED_SELECTOR = YES;
				GCC_WARN_UNINITIALIZED_AUTOS = YES_AGGRESSIVE;
				GCC_WARN_UNUSED_FUNCTION = YES;
				GCC_WARN_UNUSED_VARIABLE = YES;
				IPHONEOS_DEPLOYMENT_TARGET = 7.1;
				ONLY_ACTIVE_ARCH = YES;
				SDKROOT = iphoneos;
				TARGETED_DEVICE_FAMILY = 2;
			};
			name = Debug;
		};
		F565CD76195B6A5C002DA34C /* Release */ = {
			isa = XCBuildConfiguration;
			buildSettings = {
				ALWAYS_SEARCH_USER_PATHS = NO;
				CLANG_CXX_LANGUAGE_STANDARD = "gnu++0x";
				CLANG_CXX_LIBRARY = "libc++";
				CLANG_ENABLE_MODULES = YES;
				CLANG_ENABLE_OBJC_ARC = YES;
				CLANG_WARN_BOOL_CONVERSION = YES;
				CLANG_WARN_CONSTANT_CONVERSION = YES;
				CLANG_WARN_DIRECT_OBJC_ISA_USAGE = YES_ERROR;
				CLANG_WARN_EMPTY_BODY = YES;
				CLANG_WARN_ENUM_CONVERSION = YES;
				CLANG_WARN_INT_CONVERSION = YES;
				CLANG_WARN_OBJC_ROOT_CLASS = YES_ERROR;
				CLANG_WARN__DUPLICATE_METHOD_MATCH = YES;
				"CODE_SIGN_IDENTITY[sdk=iphoneos*]" = "iPhone Developer";
				COPY_PHASE_STRIP = YES;
				ENABLE_NS_ASSERTIONS = NO;
				GCC_C_LANGUAGE_STANDARD = gnu99;
				GCC_WARN_64_TO_32_BIT_CONVERSION = YES;
				GCC_WARN_ABOUT_RETURN_TYPE = YES_ERROR;
				GCC_WARN_UNDECLARED_SELECTOR = YES;
				GCC_WARN_UNINITIALIZED_AUTOS = YES_AGGRESSIVE;
				GCC_WARN_UNUSED_FUNCTION = YES;
				GCC_WARN_UNUSED_VARIABLE = YES;
				IPHONEOS_DEPLOYMENT_TARGET = 7.1;
				SDKROOT = iphoneos;
				TARGETED_DEVICE_FAMILY = 2;
				VALIDATE_PRODUCT = YES;
			};
			name = Release;
		};
		F565CD78195B6A5C002DA34C /* Debug */ = {
			isa = XCBuildConfiguration;
			buildSettings = {
				ASSETCATALOG_COMPILER_APPICON_NAME = AppIcon;
				ASSETCATALOG_COMPILER_LAUNCHIMAGE_NAME = LaunchImage;
				GCC_PRECOMPILE_PREFIX_HEADER = YES;
				GCC_PREFIX_HEADER = "AutoRap/AutoRap-Prefix.pch";
				INFOPLIST_FILE = "AutoRap/AutoRap-Info.plist";
				PRODUCT_NAME = "$(TARGET_NAME)";
				WRAPPER_EXTENSION = app;
			};
			name = Debug;
		};
		F565CD79195B6A5C002DA34C /* Release */ = {
			isa = XCBuildConfiguration;
			buildSettings = {
				ASSETCATALOG_COMPILER_APPICON_NAME = AppIcon;
				ASSETCATALOG_COMPILER_LAUNCHIMAGE_NAME = LaunchImage;
				GCC_PRECOMPILE_PREFIX_HEADER = YES;
				GCC_PREFIX_HEADER = "AutoRap/AutoRap-Prefix.pch";
				INFOPLIST_FILE = "AutoRap/AutoRap-Info.plist";
				PRODUCT_NAME = "$(TARGET_NAME)";
				WRAPPER_EXTENSION = app;
			};
			name = Release;
		};
		F565CD7B195B6A5C002DA34C /* Debug */ = {
			isa = XCBuildConfiguration;
			buildSettings = {
				BUNDLE_LOADER = "$(BUILT_PRODUCTS_DIR)/AutoRap.app/AutoRap";
				FRAMEWORK_SEARCH_PATHS = (
					"$(SDKROOT)/Developer/Library/Frameworks",
					"$(inherited)",
					"$(DEVELOPER_FRAMEWORKS_DIR)",
				);
				GCC_PRECOMPILE_PREFIX_HEADER = YES;
				GCC_PREFIX_HEADER = "AutoRap/AutoRap-Prefix.pch";
				GCC_PREPROCESSOR_DEFINITIONS = (
					"DEBUG=1",
					"$(inherited)",
				);
				INFOPLIST_FILE = "AutoRapTests/AutoRapTests-Info.plist";
				PRODUCT_NAME = "$(TARGET_NAME)";
				TEST_HOST = "$(BUNDLE_LOADER)";
				WRAPPER_EXTENSION = xctest;
			};
			name = Debug;
		};
		F565CD7C195B6A5C002DA34C /* Release */ = {
			isa = XCBuildConfiguration;
			buildSettings = {
				BUNDLE_LOADER = "$(BUILT_PRODUCTS_DIR)/AutoRap.app/AutoRap";
				FRAMEWORK_SEARCH_PATHS = (
					"$(SDKROOT)/Developer/Library/Frameworks",
					"$(inherited)",
					"$(DEVELOPER_FRAMEWORKS_DIR)",
				);
				GCC_PRECOMPILE_PREFIX_HEADER = YES;
				GCC_PREFIX_HEADER = "AutoRap/AutoRap-Prefix.pch";
				INFOPLIST_FILE = "AutoRapTests/AutoRapTests-Info.plist";
				PRODUCT_NAME = "$(TARGET_NAME)";
				TEST_HOST = "$(BUNDLE_LOADER)";
				WRAPPER_EXTENSION = xctest;
			};
			name = Release;
		};
/* End XCBuildConfiguration section */

/* Begin XCConfigurationList section */
		F565CD40195B6A5B002DA34C /* Build configuration list for PBXProject "AutoRap" */ = {
			isa = XCConfigurationList;
			buildConfigurations = (
				F565CD75195B6A5C002DA34C /* Debug */,
				F565CD76195B6A5C002DA34C /* Release */,
			);
			defaultConfigurationIsVisible = 0;
			defaultConfigurationName = Release;
		};
		F565CD77195B6A5C002DA34C /* Build configuration list for PBXNativeTarget "AutoRap" */ = {
			isa = XCConfigurationList;
			buildConfigurations = (
				F565CD78195B6A5C002DA34C /* Debug */,
				F565CD79195B6A5C002DA34C /* Release */,
			);
			defaultConfigurationIsVisible = 0;
		};
		F565CD7A195B6A5C002DA34C /* Build configuration list for PBXNativeTarget "AutoRapTests" */ = {
			isa = XCConfigurationList;
			buildConfigurations = (
				F565CD7B195B6A5C002DA34C /* Debug */,
				F565CD7C195B6A5C002DA34C /* Release */,
			);
			defaultConfigurationIsVisible = 0;
		};
/* End XCConfigurationList section */
	};
	rootObject = F565CD3D195B6A5B002DA34C /* Project object */;
}
