// !$*UTF8*$!
{
	archiveVersion = 1;
	classes = {
	};
	objectVersion = 46;
	objects = {

/* Begin PBXBuildFile section */
		170F7E2D19629ED400D04D3F /* splash Screen.jpg in Resources */ = {isa = PBXBuildFile; fileRef = 170F7E2C19629ED400D04D3F /* splash Screen.jpg */; };
		170F7E2E19629ED400D04D3F /* splash Screen.jpg in Resources */ = {isa = PBXBuildFile; fileRef = 170F7E2C19629ED400D04D3F /* splash Screen.jpg */; };
		1799D13F1993761C00553CEE /* recording.png in Resources */ = {isa = PBXBuildFile; fileRef = 1799D13E1993761C00553CEE /* recording.png */; };
		1799D1401993761C00553CEE /* recording.png in Resources */ = {isa = PBXBuildFile; fileRef = 1799D13E1993761C00553CEE /* recording.png */; };
		1799D1421993813C00553CEE /* record song.png in Resources */ = {isa = PBXBuildFile; fileRef = 1799D1411993813C00553CEE /* record song.png */; };
		1799D1431993813C00553CEE /* record song.png in Resources */ = {isa = PBXBuildFile; fileRef = 1799D1411993813C00553CEE /* record song.png */; };
		1799D1451993814700553CEE /* play song.png in Resources */ = {isa = PBXBuildFile; fileRef = 1799D1441993814700553CEE /* play song.png */; };
		1799D1461993814700553CEE /* play song.png in Resources */ = {isa = PBXBuildFile; fileRef = 1799D1441993814700553CEE /* play song.png */; };
		1799D1481993814E00553CEE /* blur alpha.png in Resources */ = {isa = PBXBuildFile; fileRef = 1799D1471993814E00553CEE /* blur alpha.png */; };
		1799D1491993814E00553CEE /* blur alpha.png in Resources */ = {isa = PBXBuildFile; fileRef = 1799D1471993814E00553CEE /* blur alpha.png */; };
		1799D14B19938C8000553CEE /* record blur.png in Resources */ = {isa = PBXBuildFile; fileRef = 1799D14A19938C8000553CEE /* record blur.png */; };
		1799D14C19938C8000553CEE /* record blur.png in Resources */ = {isa = PBXBuildFile; fileRef = 1799D14A19938C8000553CEE /* record blur.png */; };
		17E0F139198269380049144A /* bar.png in Resources */ = {isa = PBXBuildFile; fileRef = 17E0F135198269380049144A /* bar.png */; };
		17E0F13A198269380049144A /* bg.png in Resources */ = {isa = PBXBuildFile; fileRef = 17E0F136198269380049144A /* bg.png */; };
		17E0F1401982695F0049144A /* 02.png in Resources */ = {isa = PBXBuildFile; fileRef = 17E0F13D1982695F0049144A /* 02.png */; };
		17E0F1411982695F0049144A /* play button press.png in Resources */ = {isa = PBXBuildFile; fileRef = 17E0F13E1982695F0049144A /* play button press.png */; };
		17E0F1421982695F0049144A /* play button.png in Resources */ = {isa = PBXBuildFile; fileRef = 17E0F13F1982695F0049144A /* play button.png */; };
		17E0F147198269820049144A /* 03.png in Resources */ = {isa = PBXBuildFile; fileRef = 17E0F143198269820049144A /* 03.png */; };
		17E0F148198269820049144A /* record button .png in Resources */ = {isa = PBXBuildFile; fileRef = 17E0F144198269820049144A /* record button .png */; };
		17E0F14A198269820049144A /* record button press.png in Resources */ = {isa = PBXBuildFile; fileRef = 17E0F146198269820049144A /* record button press.png */; };
		17E0F14C19826F1C0049144A /* Grind n Teeth.mp3 in Resources */ = {isa = PBXBuildFile; fileRef = 17E0F14B19826F1C0049144A /* Grind n Teeth.mp3 */; };
		17E0F14E19826F250049144A /* CHeer ful hip hop.mp3 in Resources */ = {isa = PBXBuildFile; fileRef = 17E0F14D19826F250049144A /* CHeer ful hip hop.mp3 */; };
		17E0F151198270590049144A /* FirstScreenViewController.m in Sources */ = {isa = PBXBuildFile; fileRef = 17E0F150198270590049144A /* FirstScreenViewController.m */; };
		17E0F15319827F140049144A /* play button screen 1.png in Resources */ = {isa = PBXBuildFile; fileRef = 17E0F15219827F140049144A /* play button screen 1.png */; };
		414CDEBB19963E4E003AFE20 /* libTheAmazingAudioEngine.a in Frameworks */ = {isa = PBXBuildFile; fileRef = 4173AF4A19963CFC0098F6F4 /* libTheAmazingAudioEngine.a */; };
		41AC3239195C5816002755EF /* 02.jpg in Resources */ = {isa = PBXBuildFile; fileRef = 41AC3236195C5816002755EF /* 02.jpg */; };
		41AC323A195C5816002755EF /* 03.jpg in Resources */ = {isa = PBXBuildFile; fileRef = 41AC3237195C5816002755EF /* 03.jpg */; };
		41AC323B195C5816002755EF /* 04.jpg in Resources */ = {isa = PBXBuildFile; fileRef = 41AC3238195C5816002755EF /* 04.jpg */; };
		41AC323E195C6535002755EF /* record button press.png in Resources */ = {isa = PBXBuildFile; fileRef = 41AC323C195C6535002755EF /* record button press.png */; };
		41AC323F195C6535002755EF /* record button un press.png in Resources */ = {isa = PBXBuildFile; fileRef = 41AC323D195C6535002755EF /* record button un press.png */; };
		41AC3242195C6559002755EF /* play button press.png in Resources */ = {isa = PBXBuildFile; fileRef = 41AC3240195C6559002755EF /* play button press.png */; };
		41AC3243195C6559002755EF /* play button un press.png in Resources */ = {isa = PBXBuildFile; fileRef = 41AC3241195C6559002755EF /* play button un press.png */; };
		41B383A9195C36AB00DF4B8B /* bg2.png in Resources */ = {isa = PBXBuildFile; fileRef = 41B3839D195C36AB00DF4B8B /* bg2.png */; };
		41B383AB195C36AB00DF4B8B /* song bar.png in Resources */ = {isa = PBXBuildFile; fileRef = 41B3839F195C36AB00DF4B8B /* song bar.png */; };
		41B383AC195C36AB00DF4B8B /* time line.png in Resources */ = {isa = PBXBuildFile; fileRef = 41B383A0195C36AB00DF4B8B /* time line.png */; };
		41B383AD195C36AB00DF4B8B /* bg3.png in Resources */ = {isa = PBXBuildFile; fileRef = 41B383A2195C36AB00DF4B8B /* bg3.png */; };
		41B383B0195C36AB00DF4B8B /* bg4.png in Resources */ = {isa = PBXBuildFile; fileRef = 41B383A6195C36AB00DF4B8B /* bg4.png */; };
		41BAB4A119964321002FEFD3 /* button-01 9Aug.png in Resources */ = {isa = PBXBuildFile; fileRef = 41BAB49919964321002FEFD3 /* button-01 9Aug.png */; };
		41BAB4A219964321002FEFD3 /* button-02 9Aug.png in Resources */ = {isa = PBXBuildFile; fileRef = 41BAB49A19964321002FEFD3 /* button-02 9Aug.png */; };
		41BAB4A319964321002FEFD3 /* new bg 9Aug.png in Resources */ = {isa = PBXBuildFile; fileRef = 41BAB49B19964321002FEFD3 /* new bg 9Aug.png */; };
		41BAB4A419964321002FEFD3 /* new record song 9Aug.png in Resources */ = {isa = PBXBuildFile; fileRef = 41BAB49C19964321002FEFD3 /* new record song 9Aug.png */; };
		41BAB4A519964321002FEFD3 /* new record song blur 9Aug.PNG in Resources */ = {isa = PBXBuildFile; fileRef = 41BAB49D19964321002FEFD3 /* new record song blur 9Aug.PNG */; };
		41BAB4A619964321002FEFD3 /* play song 9Aug.png in Resources */ = {isa = PBXBuildFile; fileRef = 41BAB49E19964321002FEFD3 /* play song 9Aug.png */; };
		41BAB4A719964321002FEFD3 /* select tune 9Aug.png in Resources */ = {isa = PBXBuildFile; fileRef = 41BAB49F19964321002FEFD3 /* select tune 9Aug.png */; };
		41BAB4A819964321002FEFD3 /* splash screen 9Aug.png in Resources */ = {isa = PBXBuildFile; fileRef = 41BAB4A019964321002FEFD3 /* splash screen 9Aug.png */; };
		41BAB4AA19964E67002FEFD3 /* pause button 9 Aug.png in Resources */ = {isa = PBXBuildFile; fileRef = 41BAB4A919964E67002FEFD3 /* pause button 9 Aug.png */; };
		41BAB4AF19965594002FEFD3 /* msg1 31jan.png in Resources */ = {isa = PBXBuildFile; fileRef = 41BAB4AC19965594002FEFD3 /* msg1 31jan.png */; };
		41BAB4B019965594002FEFD3 /* msg2 31jan.png in Resources */ = {isa = PBXBuildFile; fileRef = 41BAB4AD19965594002FEFD3 /* msg2 31jan.png */; };
		41BAB4B119965594002FEFD3 /* msg3 31jan.png in Resources */ = {isa = PBXBuildFile; fileRef = 41BAB4AE19965594002FEFD3 /* msg3 31jan.png */; };
		41BAB4B41996560C002FEFD3 /* SplashScreenViewController.m in Sources */ = {isa = PBXBuildFile; fileRef = 41BAB4B31996560C002FEFD3 /* SplashScreenViewController.m */; };
		F51D92D01961E205008E05CD /* PlayScreenViewController.m in Sources */ = {isa = PBXBuildFile; fileRef = F51D92CF1961E205008E05CD /* PlayScreenViewController.m */; };
		F51D92D519623528008E05CD /* morven strip.png in Resources */ = {isa = PBXBuildFile; fileRef = F51D92D419623528008E05CD /* morven strip.png */; };
		F548608B195B8AD600E4226C /* QuartzCore.framework in Frameworks */ = {isa = PBXBuildFile; fileRef = F548608A195B8AD600E4226C /* QuartzCore.framework */; };
		F548608E195B8B3100E4226C /* AVFoundation.framework in Frameworks */ = {isa = PBXBuildFile; fileRef = F548608D195B8B3100E4226C /* AVFoundation.framework */; };
		F5486090195B8C0F00E4226C /* Gangster hip hop.mp3 in Resources */ = {isa = PBXBuildFile; fileRef = F548608F195B8C0F00E4226C /* Gangster hip hop.mp3 */; };
		F5486091195B8C0F00E4226C /* Gangster hip hop.mp3 in Resources */ = {isa = PBXBuildFile; fileRef = F548608F195B8C0F00E4226C /* Gangster hip hop.mp3 */; };
		F565CD49195B6A5B002DA34C /* Foundation.framework in Frameworks */ = {isa = PBXBuildFile; fileRef = F565CD48195B6A5B002DA34C /* Foundation.framework */; };
		F565CD4B195B6A5B002DA34C /* CoreGraphics.framework in Frameworks */ = {isa = PBXBuildFile; fileRef = F565CD4A195B6A5B002DA34C /* CoreGraphics.framework */; };
		F565CD4D195B6A5B002DA34C /* UIKit.framework in Frameworks */ = {isa = PBXBuildFile; fileRef = F565CD4C195B6A5B002DA34C /* UIKit.framework */; };
		F565CD53195B6A5C002DA34C /* InfoPlist.strings in Resources */ = {isa = PBXBuildFile; fileRef = F565CD51195B6A5C002DA34C /* InfoPlist.strings */; };
		F565CD55195B6A5C002DA34C /* main.m in Sources */ = {isa = PBXBuildFile; fileRef = F565CD54195B6A5C002DA34C /* main.m */; };
		F565CD59195B6A5C002DA34C /* AppDelegate.m in Sources */ = {isa = PBXBuildFile; fileRef = F565CD58195B6A5C002DA34C /* AppDelegate.m */; };
		F565CD5C195B6A5C002DA34C /* Main.storyboard in Resources */ = {isa = PBXBuildFile; fileRef = F565CD5A195B6A5C002DA34C /* Main.storyboard */; };
		F565CD5F195B6A5C002DA34C /* ViewController.m in Sources */ = {isa = PBXBuildFile; fileRef = F565CD5E195B6A5C002DA34C /* ViewController.m */; };
		F565CD61195B6A5C002DA34C /* Images.xcassets in Resources */ = {isa = PBXBuildFile; fileRef = F565CD60195B6A5C002DA34C /* Images.xcassets */; };
		F565CD68195B6A5C002DA34C /* XCTest.framework in Frameworks */ = {isa = PBXBuildFile; fileRef = F565CD67195B6A5C002DA34C /* XCTest.framework */; };
		F565CD69195B6A5C002DA34C /* Foundation.framework in Frameworks */ = {isa = PBXBuildFile; fileRef = F565CD48195B6A5B002DA34C /* Foundation.framework */; };
		F565CD6A195B6A5C002DA34C /* UIKit.framework in Frameworks */ = {isa = PBXBuildFile; fileRef = F565CD4C195B6A5B002DA34C /* UIKit.framework */; };
		F565CD72195B6A5C002DA34C /* InfoPlist.strings in Resources */ = {isa = PBXBuildFile; fileRef = F565CD70195B6A5C002DA34C /* InfoPlist.strings */; };
		F565CD74195B6A5C002DA34C /* AutoRapTests.m in Sources */ = {isa = PBXBuildFile; fileRef = F565CD73195B6A5C002DA34C /* AutoRapTests.m */; };
		F565CD87195B6CD2002DA34C /* AudioToolbox.framework in Frameworks */ = {isa = PBXBuildFile; fileRef = F565CD86195B6CD2002DA34C /* AudioToolbox.framework */; };
		F565CD89195B6CDB002DA34C /* Accelerate.framework in Frameworks */ = {isa = PBXBuildFile; fileRef = F565CD88195B6CDB002DA34C /* Accelerate.framework */; };
		F565CD9E195B6E41002DA34C /* AEExpanderFilter.m in Sources */ = {isa = PBXBuildFile; fileRef = F565CD8D195B6E41002DA34C /* AEExpanderFilter.m */; };
		F565CD9F195B6E41002DA34C /* AEExpanderFilter.m in Sources */ = {isa = PBXBuildFile; fileRef = F565CD8D195B6E41002DA34C /* AEExpanderFilter.m */; };
		F565CDA0195B6E41002DA34C /* AELimiter.m in Sources */ = {isa = PBXBuildFile; fileRef = F565CD8F195B6E41002DA34C /* AELimiter.m */; };
		F565CDA1195B6E41002DA34C /* AELimiter.m in Sources */ = {isa = PBXBuildFile; fileRef = F565CD8F195B6E41002DA34C /* AELimiter.m */; };
		F565CDA2195B6E41002DA34C /* AELimiterFilter.m in Sources */ = {isa = PBXBuildFile; fileRef = F565CD91195B6E41002DA34C /* AELimiterFilter.m */; };
		F565CDA3195B6E41002DA34C /* AELimiterFilter.m in Sources */ = {isa = PBXBuildFile; fileRef = F565CD91195B6E41002DA34C /* AELimiterFilter.m */; };
		F565CDA4195B6E41002DA34C /* AEMixerBuffer.m in Sources */ = {isa = PBXBuildFile; fileRef = F565CD93195B6E41002DA34C /* AEMixerBuffer.m */; };
		F565CDA5195B6E41002DA34C /* AEMixerBuffer.m in Sources */ = {isa = PBXBuildFile; fileRef = F565CD93195B6E41002DA34C /* AEMixerBuffer.m */; };
		F565CDA6195B6E41002DA34C /* AEPlaythroughChannel.m in Sources */ = {isa = PBXBuildFile; fileRef = F565CD95195B6E41002DA34C /* AEPlaythroughChannel.m */; };
		F565CDA7195B6E41002DA34C /* AEPlaythroughChannel.m in Sources */ = {isa = PBXBuildFile; fileRef = F565CD95195B6E41002DA34C /* AEPlaythroughChannel.m */; };
		F565CDA8195B6E41002DA34C /* AERecorder.m in Sources */ = {isa = PBXBuildFile; fileRef = F565CD97195B6E41002DA34C /* AERecorder.m */; };
		F565CDA9195B6E41002DA34C /* AERecorder.m in Sources */ = {isa = PBXBuildFile; fileRef = F565CD97195B6E41002DA34C /* AERecorder.m */; };
		F565CDAA195B6E41002DA34C /* README.markdown in Resources */ = {isa = PBXBuildFile; fileRef = F565CD99195B6E41002DA34C /* README.markdown */; };
		F565CDAB195B6E41002DA34C /* README.markdown in Resources */ = {isa = PBXBuildFile; fileRef = F565CD99195B6E41002DA34C /* README.markdown */; };
		F565CDAC195B6E41002DA34C /* TPCircularBuffer+AudioBufferList.c in Sources */ = {isa = PBXBuildFile; fileRef = F565CD9A195B6E41002DA34C /* TPCircularBuffer+AudioBufferList.c */; };
		F565CDAD195B6E41002DA34C /* TPCircularBuffer+AudioBufferList.c in Sources */ = {isa = PBXBuildFile; fileRef = F565CD9A195B6E41002DA34C /* TPCircularBuffer+AudioBufferList.c */; };
		F565CDAE195B6E41002DA34C /* TPCircularBuffer.c in Sources */ = {isa = PBXBuildFile; fileRef = F565CD9C195B6E41002DA34C /* TPCircularBuffer.c */; };
		F565CDAF195B6E41002DA34C /* TPCircularBuffer.c in Sources */ = {isa = PBXBuildFile; fileRef = F565CD9C195B6E41002DA34C /* TPCircularBuffer.c */; };
/* End PBXBuildFile section */

/* Begin PBXContainerItemProxy section */
		414CDEBC19963E71003AFE20 /* PBXContainerItemProxy */ = {
			isa = PBXContainerItemProxy;
			containerPortal = 4173AF4519963CFC0098F6F4 /* TheAmazingAudioEngine.xcodeproj */;
			proxyType = 1;
			remoteGlobalIDString = 4C215CEB1523A7D500D36CAD;
			remoteInfo = TheAmazingAudioEngine;
		};
		4173AF4919963CFC0098F6F4 /* PBXContainerItemProxy */ = {
			isa = PBXContainerItemProxy;
			containerPortal = 4173AF4519963CFC0098F6F4 /* TheAmazingAudioEngine.xcodeproj */;
			proxyType = 2;
			remoteGlobalIDString = 4C215CEC1523A7D500D36CAD;
			remoteInfo = TheAmazingAudioEngine;
		};
		F565CD6B195B6A5C002DA34C /* PBXContainerItemProxy */ = {
			isa = PBXContainerItemProxy;
			containerPortal = F565CD3D195B6A5B002DA34C /* Project object */;
			proxyType = 1;
			remoteGlobalIDString = F565CD44195B6A5B002DA34C;
			remoteInfo = AutoRap;
		};
/* End PBXContainerItemProxy section */

/* Begin PBXFileReference section */
		170F7E2C19629ED400D04D3F /* splash Screen.jpg */ = {isa = PBXFileReference; lastKnownFileType = image.jpeg; name = "splash Screen.jpg"; path = "Screen 4/splash Screen.jpg"; sourceTree = "<group>"; };
		1799D13E1993761C00553CEE /* recording.png */ = {isa = PBXFileReference; lastKnownFileType = image.png; path = recording.png; sourceTree = "<group>"; };
		1799D1411993813C00553CEE /* record song.png */ = {isa = PBXFileReference; lastKnownFileType = image.png; path = "record song.png"; sourceTree = "<group>"; };
		1799D1441993814700553CEE /* play song.png */ = {isa = PBXFileReference; lastKnownFileType = image.png; path = "play song.png"; sourceTree = "<group>"; };
		1799D1471993814E00553CEE /* blur alpha.png */ = {isa = PBXFileReference; lastKnownFileType = image.png; path = "blur alpha.png"; sourceTree = "<group>"; };
		1799D14A19938C8000553CEE /* record blur.png */ = {isa = PBXFileReference; lastKnownFileType = image.png; path = "record blur.png"; sourceTree = "<group>"; };
		17E0F135198269380049144A /* bar.png */ = {isa = PBXFileReference; lastKnownFileType = image.png; path = bar.png; sourceTree = "<group>"; };
		17E0F136198269380049144A /* bg.png */ = {isa = PBXFileReference; lastKnownFileType = image.png; path = bg.png; sourceTree = "<group>"; };
		17E0F13D1982695F0049144A /* 02.png */ = {isa = PBXFileReference; lastKnownFileType = image.png; path = 02.png; sourceTree = "<group>"; };
		17E0F13E1982695F0049144A /* play button press.png */ = {isa = PBXFileReference; lastKnownFileType = image.png; path = "play button press.png"; sourceTree = "<group>"; };
		17E0F13F1982695F0049144A /* play button.png */ = {isa = PBXFileReference; lastKnownFileType = image.png; path = "play button.png"; sourceTree = "<group>"; };
		17E0F143198269820049144A /* 03.png */ = {isa = PBXFileReference; lastKnownFileType = image.png; path = 03.png; sourceTree = "<group>"; };
		17E0F144198269820049144A /* record button .png */ = {isa = PBXFileReference; lastKnownFileType = image.png; path = "record button .png"; sourceTree = "<group>"; };
		17E0F146198269820049144A /* record button press.png */ = {isa = PBXFileReference; lastKnownFileType = image.png; path = "record button press.png"; sourceTree = "<group>"; };
		17E0F14B19826F1C0049144A /* Grind n Teeth.mp3 */ = {isa = PBXFileReference; lastKnownFileType = audio.mp3; path = "Grind n Teeth.mp3"; sourceTree = "<group>"; };
		17E0F14D19826F250049144A /* CHeer ful hip hop.mp3 */ = {isa = PBXFileReference; lastKnownFileType = audio.mp3; path = "CHeer ful hip hop.mp3"; sourceTree = "<group>"; };
		17E0F14F198270590049144A /* FirstScreenViewController.h */ = {isa = PBXFileReference; fileEncoding = 4; lastKnownFileType = sourcecode.c.h; path = FirstScreenViewController.h; sourceTree = "<group>"; };
		17E0F150198270590049144A /* FirstScreenViewController.m */ = {isa = PBXFileReference; fileEncoding = 4; lastKnownFileType = sourcecode.c.objc; path = FirstScreenViewController.m; sourceTree = "<group>"; };
		17E0F15219827F140049144A /* play button screen 1.png */ = {isa = PBXFileReference; lastKnownFileType = image.png; path = "play button screen 1.png"; sourceTree = "<group>"; };
		4173AF4519963CFC0098F6F4 /* TheAmazingAudioEngine.xcodeproj */ = {isa = PBXFileReference; lastKnownFileType = "wrapper.pb-project"; name = TheAmazingAudioEngine.xcodeproj; path = "../../../Desktop/TheAmazingAudioEngine copy/TheAmazingAudioEngine.xcodeproj"; sourceTree = "<group>"; };
		41AC3236195C5816002755EF /* 02.jpg */ = {isa = PBXFileReference; lastKnownFileType = image.jpeg; path = 02.jpg; sourceTree = "<group>"; };
		41AC3237195C5816002755EF /* 03.jpg */ = {isa = PBXFileReference; lastKnownFileType = image.jpeg; path = 03.jpg; sourceTree = "<group>"; };
		41AC3238195C5816002755EF /* 04.jpg */ = {isa = PBXFileReference; lastKnownFileType = image.jpeg; path = 04.jpg; sourceTree = "<group>"; };
		41AC323C195C6535002755EF /* record button press.png */ = {isa = PBXFileReference; lastKnownFileType = image.png; path = "record button press.png"; sourceTree = "<group>"; };
		41AC323D195C6535002755EF /* record button un press.png */ = {isa = PBXFileReference; lastKnownFileType = image.png; path = "record button un press.png"; sourceTree = "<group>"; };
		41AC3240195C6559002755EF /* play button press.png */ = {isa = PBXFileReference; lastKnownFileType = image.png; path = "play button press.png"; sourceTree = "<group>"; };
		41AC3241195C6559002755EF /* play button un press.png */ = {isa = PBXFileReference; lastKnownFileType = image.png; path = "play button un press.png"; sourceTree = "<group>"; };
		41B3839D195C36AB00DF4B8B /* bg2.png */ = {isa = PBXFileReference; lastKnownFileType = image.png; path = bg2.png; sourceTree = "<group>"; };
		41B3839F195C36AB00DF4B8B /* song bar.png */ = {isa = PBXFileReference; lastKnownFileType = image.png; path = "song bar.png"; sourceTree = "<group>"; };
		41B383A0195C36AB00DF4B8B /* time line.png */ = {isa = PBXFileReference; lastKnownFileType = image.png; path = "time line.png"; sourceTree = "<group>"; };
		41B383A2195C36AB00DF4B8B /* bg3.png */ = {isa = PBXFileReference; lastKnownFileType = image.png; path = bg3.png; sourceTree = "<group>"; };
		41B383A6195C36AB00DF4B8B /* bg4.png */ = {isa = PBXFileReference; lastKnownFileType = image.png; path = bg4.png; sourceTree = "<group>"; };
		41BAB49919964321002FEFD3 /* button-01 9Aug.png */ = {isa = PBXFileReference; lastKnownFileType = image.png; path = "button-01 9Aug.png"; sourceTree = "<group>"; };
		41BAB49A19964321002FEFD3 /* button-02 9Aug.png */ = {isa = PBXFileReference; lastKnownFileType = image.png; path = "button-02 9Aug.png"; sourceTree = "<group>"; };
		41BAB49B19964321002FEFD3 /* new bg 9Aug.png */ = {isa = PBXFileReference; lastKnownFileType = image.png; path = "new bg 9Aug.png"; sourceTree = "<group>"; };
		41BAB49C19964321002FEFD3 /* new record song 9Aug.png */ = {isa = PBXFileReference; lastKnownFileType = image.png; path = "new record song 9Aug.png"; sourceTree = "<group>"; };
		41BAB49D19964321002FEFD3 /* new record song blur 9Aug.PNG */ = {isa = PBXFileReference; lastKnownFileType = image.png; path = "new record song blur 9Aug.PNG"; sourceTree = "<group>"; };
		41BAB49E19964321002FEFD3 /* play song 9Aug.png */ = {isa = PBXFileReference; lastKnownFileType = image.png; path = "play song 9Aug.png"; sourceTree = "<group>"; };
		41BAB49F19964321002FEFD3 /* select tune 9Aug.png */ = {isa = PBXFileReference; lastKnownFileType = image.png; path = "select tune 9Aug.png"; sourceTree = "<group>"; };
		41BAB4A019964321002FEFD3 /* splash screen 9Aug.png */ = {isa = PBXFileReference; lastKnownFileType = image.png; path = "splash screen 9Aug.png"; sourceTree = "<group>"; };
		41BAB4A919964E67002FEFD3 /* pause button 9 Aug.png */ = {isa = PBXFileReference; lastKnownFileType = image.png; path = "pause button 9 Aug.png"; sourceTree = "<group>"; };
		41BAB4AC19965594002FEFD3 /* msg1 31jan.png */ = {isa = PBXFileReference; lastKnownFileType = image.png; path = "msg1 31jan.png"; sourceTree = "<group>"; };
		41BAB4AD19965594002FEFD3 /* msg2 31jan.png */ = {isa = PBXFileReference; lastKnownFileType = image.png; path = "msg2 31jan.png"; sourceTree = "<group>"; };
		41BAB4AE19965594002FEFD3 /* msg3 31jan.png */ = {isa = PBXFileReference; lastKnownFileType = image.png; path = "msg3 31jan.png"; sourceTree = "<group>"; };
		41BAB4B21996560C002FEFD3 /* SplashScreenViewController.h */ = {isa = PBXFileReference; fileEncoding = 4; lastKnownFileType = sourcecode.c.h; name = SplashScreenViewController.h; path = ../SplashScreenViewController.h; sourceTree = "<group>"; };
		41BAB4B31996560C002FEFD3 /* SplashScreenViewController.m */ = {isa = PBXFileReference; fileEncoding = 4; lastKnownFileType = sourcecode.c.objc; name = SplashScreenViewController.m; path = ../SplashScreenViewController.m; sourceTree = "<group>"; };
		F51D92CE1961E205008E05CD /* PlayScreenViewController.h */ = {isa = PBXFileReference; fileEncoding = 4; lastKnownFileType = sourcecode.c.h; path = PlayScreenViewController.h; sourceTree = "<group>"; };
		F51D92CF1961E205008E05CD /* PlayScreenViewController.m */ = {isa = PBXFileReference; fileEncoding = 4; lastKnownFileType = sourcecode.c.objc; path = PlayScreenViewController.m; sourceTree = "<group>"; };
		F51D92D419623528008E05CD /* morven strip.png */ = {isa = PBXFileReference; lastKnownFileType = image.png; path = "morven strip.png"; sourceTree = "<group>"; };
		F548608A195B8AD600E4226C /* QuartzCore.framework */ = {isa = PBXFileReference; lastKnownFileType = wrapper.framework; name = QuartzCore.framework; path = System/Library/Frameworks/QuartzCore.framework; sourceTree = SDKROOT; };
		F548608D195B8B3100E4226C /* AVFoundation.framework */ = {isa = PBXFileReference; lastKnownFileType = wrapper.framework; name = AVFoundation.framework; path = System/Library/Frameworks/AVFoundation.framework; sourceTree = SDKROOT; };
		F548608F195B8C0F00E4226C /* Gangster hip hop.mp3 */ = {isa = PBXFileReference; lastKnownFileType = audio.mp3; path = "Gangster hip hop.mp3"; sourceTree = "<group>"; };
		F565CD45195B6A5B002DA34C /* AutoRap.app */ = {isa = PBXFileReference; explicitFileType = wrapper.application; includeInIndex = 0; path = AutoRap.app; sourceTree = BUILT_PRODUCTS_DIR; };
		F565CD48195B6A5B002DA34C /* Foundation.framework */ = {isa = PBXFileReference; lastKnownFileType = wrapper.framework; name = Foundation.framework; path = System/Library/Frameworks/Foundation.framework; sourceTree = SDKROOT; };
		F565CD4A195B6A5B002DA34C /* CoreGraphics.framework */ = {isa = PBXFileReference; lastKnownFileType = wrapper.framework; name = CoreGraphics.framework; path = System/Library/Frameworks/CoreGraphics.framework; sourceTree = SDKROOT; };
		F565CD4C195B6A5B002DA34C /* UIKit.framework */ = {isa = PBXFileReference; lastKnownFileType = wrapper.framework; name = UIKit.framework; path = System/Library/Frameworks/UIKit.framework; sourceTree = SDKROOT; };
		F565CD50195B6A5B002DA34C /* AutoRap-Info.plist */ = {isa = PBXFileReference; lastKnownFileType = text.plist.xml; path = "AutoRap-Info.plist"; sourceTree = "<group>"; };
		F565CD52195B6A5C002DA34C /* en */ = {isa = PBXFileReference; lastKnownFileType = text.plist.strings; name = en; path = en.lproj/InfoPlist.strings; sourceTree = "<group>"; };
		F565CD54195B6A5C002DA34C /* main.m */ = {isa = PBXFileReference; lastKnownFileType = sourcecode.c.objc; path = main.m; sourceTree = "<group>"; };
		F565CD56195B6A5C002DA34C /* AutoRap-Prefix.pch */ = {isa = PBXFileReference; lastKnownFileType = sourcecode.c.h; path = "AutoRap-Prefix.pch"; sourceTree = "<group>"; };
		F565CD57195B6A5C002DA34C /* AppDelegate.h */ = {isa = PBXFileReference; lastKnownFileType = sourcecode.c.h; path = AppDelegate.h; sourceTree = "<group>"; };
		F565CD58195B6A5C002DA34C /* AppDelegate.m */ = {isa = PBXFileReference; lastKnownFileType = sourcecode.c.objc; path = AppDelegate.m; sourceTree = "<group>"; };
		F565CD5B195B6A5C002DA34C /* Base */ = {isa = PBXFileReference; lastKnownFileType = file.storyboard; name = Base; path = Base.lproj/Main.storyboard; sourceTree = "<group>"; };
		F565CD5D195B6A5C002DA34C /* ViewController.h */ = {isa = PBXFileReference; lastKnownFileType = sourcecode.c.h; path = ViewController.h; sourceTree = "<group>"; };
		F565CD5E195B6A5C002DA34C /* ViewController.m */ = {isa = PBXFileReference; lastKnownFileType = sourcecode.c.objc; path = ViewController.m; sourceTree = "<group>"; };
		F565CD60195B6A5C002DA34C /* Images.xcassets */ = {isa = PBXFileReference; lastKnownFileType = folder.assetcatalog; path = Images.xcassets; sourceTree = "<group>"; };
		F565CD66195B6A5C002DA34C /* AutoRapTests.xctest */ = {isa = PBXFileReference; explicitFileType = wrapper.cfbundle; includeInIndex = 0; path = AutoRapTests.xctest; sourceTree = BUILT_PRODUCTS_DIR; };
		F565CD67195B6A5C002DA34C /* XCTest.framework */ = {isa = PBXFileReference; lastKnownFileType = wrapper.framework; name = XCTest.framework; path = Library/Frameworks/XCTest.framework; sourceTree = DEVELOPER_DIR; };
		F565CD6F195B6A5C002DA34C /* AutoRapTests-Info.plist */ = {isa = PBXFileReference; lastKnownFileType = text.plist.xml; path = "AutoRapTests-Info.plist"; sourceTree = "<group>"; };
		F565CD71195B6A5C002DA34C /* en */ = {isa = PBXFileReference; lastKnownFileType = text.plist.strings; name = en; path = en.lproj/InfoPlist.strings; sourceTree = "<group>"; };
		F565CD73195B6A5C002DA34C /* AutoRapTests.m */ = {isa = PBXFileReference; lastKnownFileType = sourcecode.c.objc; path = AutoRapTests.m; sourceTree = "<group>"; };
		F565CD86195B6CD2002DA34C /* AudioToolbox.framework */ = {isa = PBXFileReference; lastKnownFileType = wrapper.framework; name = AudioToolbox.framework; path = System/Library/Frameworks/AudioToolbox.framework; sourceTree = SDKROOT; };
		F565CD88195B6CDB002DA34C /* Accelerate.framework */ = {isa = PBXFileReference; lastKnownFileType = wrapper.framework; name = Accelerate.framework; path = System/Library/Frameworks/Accelerate.framework; sourceTree = SDKROOT; };
		F565CD8C195B6E41002DA34C /* AEExpanderFilter.h */ = {isa = PBXFileReference; fileEncoding = 4; lastKnownFileType = sourcecode.c.h; path = AEExpanderFilter.h; sourceTree = "<group>"; };
		F565CD8D195B6E41002DA34C /* AEExpanderFilter.m */ = {isa = PBXFileReference; fileEncoding = 4; lastKnownFileType = sourcecode.c.objc; path = AEExpanderFilter.m; sourceTree = "<group>"; };
		F565CD8E195B6E41002DA34C /* AELimiter.h */ = {isa = PBXFileReference; fileEncoding = 4; lastKnownFileType = sourcecode.c.h; path = AELimiter.h; sourceTree = "<group>"; };
		F565CD8F195B6E41002DA34C /* AELimiter.m */ = {isa = PBXFileReference; fileEncoding = 4; lastKnownFileType = sourcecode.c.objc; path = AELimiter.m; sourceTree = "<group>"; };
		F565CD90195B6E41002DA34C /* AELimiterFilter.h */ = {isa = PBXFileReference; fileEncoding = 4; lastKnownFileType = sourcecode.c.h; path = AELimiterFilter.h; sourceTree = "<group>"; };
		F565CD91195B6E41002DA34C /* AELimiterFilter.m */ = {isa = PBXFileReference; fileEncoding = 4; lastKnownFileType = sourcecode.c.objc; path = AELimiterFilter.m; sourceTree = "<group>"; };
		F565CD92195B6E41002DA34C /* AEMixerBuffer.h */ = {isa = PBXFileReference; fileEncoding = 4; lastKnownFileType = sourcecode.c.h; path = AEMixerBuffer.h; sourceTree = "<group>"; };
		F565CD93195B6E41002DA34C /* AEMixerBuffer.m */ = {isa = PBXFileReference; fileEncoding = 4; lastKnownFileType = sourcecode.c.objc; path = AEMixerBuffer.m; sourceTree = "<group>"; };
		F565CD94195B6E41002DA34C /* AEPlaythroughChannel.h */ = {isa = PBXFileReference; fileEncoding = 4; lastKnownFileType = sourcecode.c.h; path = AEPlaythroughChannel.h; sourceTree = "<group>"; };
		F565CD95195B6E41002DA34C /* AEPlaythroughChannel.m */ = {isa = PBXFileReference; fileEncoding = 4; lastKnownFileType = sourcecode.c.objc; path = AEPlaythroughChannel.m; sourceTree = "<group>"; };
		F565CD96195B6E41002DA34C /* AERecorder.h */ = {isa = PBXFileReference; fileEncoding = 4; lastKnownFileType = sourcecode.c.h; path = AERecorder.h; sourceTree = "<group>"; };
		F565CD97195B6E41002DA34C /* AERecorder.m */ = {isa = PBXFileReference; fileEncoding = 4; lastKnownFileType = sourcecode.c.objc; path = AERecorder.m; sourceTree = "<group>"; };
		F565CD99195B6E41002DA34C /* README.markdown */ = {isa = PBXFileReference; fileEncoding = 4; lastKnownFileType = text; path = README.markdown; sourceTree = "<group>"; };
		F565CD9A195B6E41002DA34C /* TPCircularBuffer+AudioBufferList.c */ = {isa = PBXFileReference; fileEncoding = 4; lastKnownFileType = sourcecode.c.c; path = "TPCircularBuffer+AudioBufferList.c"; sourceTree = "<group>"; };
		F565CD9B195B6E41002DA34C /* TPCircularBuffer+AudioBufferList.h */ = {isa = PBXFileReference; fileEncoding = 4; lastKnownFileType = sourcecode.c.h; path = "TPCircularBuffer+AudioBufferList.h"; sourceTree = "<group>"; };
		F565CD9C195B6E41002DA34C /* TPCircularBuffer.c */ = {isa = PBXFileReference; fileEncoding = 4; lastKnownFileType = sourcecode.c.c; path = TPCircularBuffer.c; sourceTree = "<group>"; };
		F565CD9D195B6E41002DA34C /* TPCircularBuffer.h */ = {isa = PBXFileReference; fileEncoding = 4; lastKnownFileType = sourcecode.c.h; path = TPCircularBuffer.h; sourceTree = "<group>"; };
/* End PBXFileReference section */

/* Begin PBXFrameworksBuildPhase section */
		F565CD42195B6A5B002DA34C /* Frameworks */ = {
			isa = PBXFrameworksBuildPhase;
			buildActionMask = 2147483647;
			files = (
				414CDEBB19963E4E003AFE20 /* libTheAmazingAudioEngine.a in Frameworks */,
				F548608E195B8B3100E4226C /* AVFoundation.framework in Frameworks */,
				F548608B195B8AD600E4226C /* QuartzCore.framework in Frameworks */,
				F565CD89195B6CDB002DA34C /* Accelerate.framework in Frameworks */,
				F565CD87195B6CD2002DA34C /* AudioToolbox.framework in Frameworks */,
				F565CD4B195B6A5B002DA34C /* CoreGraphics.framework in Frameworks */,
				F565CD4D195B6A5B002DA34C /* UIKit.framework in Frameworks */,
				F565CD49195B6A5B002DA34C /* Foundation.framework in Frameworks */,
			);
			runOnlyForDeploymentPostprocessing = 0;
		};
		F565CD63195B6A5C002DA34C /* Frameworks */ = {
			isa = PBXFrameworksBuildPhase;
			buildActionMask = 2147483647;
			files = (
				F565CD68195B6A5C002DA34C /* XCTest.framework in Frameworks */,
				F565CD6A195B6A5C002DA34C /* UIKit.framework in Frameworks */,
				F565CD69195B6A5C002DA34C /* Foundation.framework in Frameworks */,
			);
			runOnlyForDeploymentPostprocessing = 0;
		};
/* End PBXFrameworksBuildPhase section */

/* Begin PBXGroup section */
		17E0F131198268E80049144A /* BondStreet ArtWork */ = {
			isa = PBXGroup;
			children = (
				17E0F134198269230049144A /* Screen3 */,
				17E0F1331982691B0049144A /* Screen2 */,
				17E0F132198269140049144A /* Screen1 */,
			);
			name = "BondStreet ArtWork";
			sourceTree = "<group>";
		};
		17E0F132198269140049144A /* Screen1 */ = {
			isa = PBXGroup;
			children = (
				17E0F15219827F140049144A /* play button screen 1.png */,
				17E0F135198269380049144A /* bar.png */,
				17E0F136198269380049144A /* bg.png */,
			);
			name = Screen1;
			sourceTree = "<group>";
		};
		17E0F1331982691B0049144A /* Screen2 */ = {
			isa = PBXGroup;
			children = (
				1799D1471993814E00553CEE /* blur alpha.png */,
				1799D14A19938C8000553CEE /* record blur.png */,
				1799D1411993813C00553CEE /* record song.png */,
				17E0F13D1982695F0049144A /* 02.png */,
				17E0F13E1982695F0049144A /* play button press.png */,
				17E0F13F1982695F0049144A /* play button.png */,
			);
			name = Screen2;
			sourceTree = "<group>";
		};
		17E0F134198269230049144A /* Screen3 */ = {
			isa = PBXGroup;
			children = (
				1799D1441993814700553CEE /* play song.png */,
				1799D13E1993761C00553CEE /* recording.png */,
				17E0F143198269820049144A /* 03.png */,
				17E0F144198269820049144A /* record button .png */,
				17E0F146198269820049144A /* record button press.png */,
			);
			name = Screen3;
			sourceTree = "<group>";
		};
		4173AF4619963CFC0098F6F4 /* Products */ = {
			isa = PBXGroup;
			children = (
				4173AF4A19963CFC0098F6F4 /* libTheAmazingAudioEngine.a */,
			);
			name = Products;
			sourceTree = "<group>";
		};
		41AC3235195C57FF002755EF /* reference images */ = {
			isa = PBXGroup;
			children = (
				F51D92D419623528008E05CD /* morven strip.png */,
				41AC3236195C5816002755EF /* 02.jpg */,
				41AC3237195C5816002755EF /* 03.jpg */,
				41AC3238195C5816002755EF /* 04.jpg */,
			);
			name = "reference images";
			sourceTree = "<group>";
		};
		41B3839C195C36AB00DF4B8B /* screen 2 */ = {
			isa = PBXGroup;
			children = (
				41B3839D195C36AB00DF4B8B /* bg2.png */,
				41B3839F195C36AB00DF4B8B /* song bar.png */,
				41B383A0195C36AB00DF4B8B /* time line.png */,
			);
			path = "screen 2";
			sourceTree = "<group>";
		};
		41B383A1195C36AB00DF4B8B /* Screen 3 */ = {
			isa = PBXGroup;
			children = (
				41AC323C195C6535002755EF /* record button press.png */,
				41AC323D195C6535002755EF /* record button un press.png */,
				41B383A2195C36AB00DF4B8B /* bg3.png */,
			);
			path = "Screen 3";
			sourceTree = "<group>";
		};
		41B383A5195C36AB00DF4B8B /* Screen 4 */ = {
			isa = PBXGroup;
			children = (
				41AC3240195C6559002755EF /* play button press.png */,
				41AC3241195C6559002755EF /* play button un press.png */,
				41B383A6195C36AB00DF4B8B /* bg4.png */,
			);
			path = "Screen 4";
			sourceTree = "<group>";
		};
		41BAB49819964306002FEFD3 /* 9 Aug */ = {
			isa = PBXGroup;
			children = (
				41BAB4AC19965594002FEFD3 /* msg1 31jan.png */,
				41BAB4AD19965594002FEFD3 /* msg2 31jan.png */,
				41BAB4AE19965594002FEFD3 /* msg3 31jan.png */,
				41BAB4A919964E67002FEFD3 /* pause button 9 Aug.png */,
				41BAB49919964321002FEFD3 /* button-01 9Aug.png */,
				41BAB49A19964321002FEFD3 /* button-02 9Aug.png */,
				41BAB49B19964321002FEFD3 /* new bg 9Aug.png */,
				41BAB49C19964321002FEFD3 /* new record song 9Aug.png */,
				41BAB49D19964321002FEFD3 /* new record song blur 9Aug.PNG */,
				41BAB49E19964321002FEFD3 /* play song 9Aug.png */,
				41BAB49F19964321002FEFD3 /* select tune 9Aug.png */,
				41BAB4A019964321002FEFD3 /* splash screen 9Aug.png */,
			);
			name = "9 Aug";
			sourceTree = "<group>";
		};
		F565CD3C195B6A5B002DA34C = {
			isa = PBXGroup;
			children = (
				4173AF4519963CFC0098F6F4 /* TheAmazingAudioEngine.xcodeproj */,
				F565CD8B195B6E41002DA34C /* Modules */,
				F565CD4E195B6A5B002DA34C /* AutoRap */,
				F565CD6D195B6A5C002DA34C /* AutoRapTests */,
				F565CD47195B6A5B002DA34C /* Frameworks */,
				F565CD46195B6A5B002DA34C /* Products */,
			);
			sourceTree = "<group>";
		};
		F565CD46195B6A5B002DA34C /* Products */ = {
			isa = PBXGroup;
			children = (
				F565CD45195B6A5B002DA34C /* AutoRap.app */,
				F565CD66195B6A5C002DA34C /* AutoRapTests.xctest */,
			);
			name = Products;
			sourceTree = "<group>";
		};
		F565CD47195B6A5B002DA34C /* Frameworks */ = {
			isa = PBXGroup;
			children = (
				F548608D195B8B3100E4226C /* AVFoundation.framework */,
				F548608A195B8AD600E4226C /* QuartzCore.framework */,
				F565CD88195B6CDB002DA34C /* Accelerate.framework */,
				F565CD86195B6CD2002DA34C /* AudioToolbox.framework */,
				F565CD48195B6A5B002DA34C /* Foundation.framework */,
				F565CD4A195B6A5B002DA34C /* CoreGraphics.framework */,
				F565CD4C195B6A5B002DA34C /* UIKit.framework */,
				F565CD67195B6A5C002DA34C /* XCTest.framework */,
			);
			name = Frameworks;
			sourceTree = "<group>";
		};
		F565CD4E195B6A5B002DA34C /* AutoRap */ = {
			isa = PBXGroup;
			children = (
				F565CD57195B6A5C002DA34C /* AppDelegate.h */,
				F565CD58195B6A5C002DA34C /* AppDelegate.m */,
				F565CD5A195B6A5C002DA34C /* Main.storyboard */,
				41BAB4B21996560C002FEFD3 /* SplashScreenViewController.h */,
				41BAB4B31996560C002FEFD3 /* SplashScreenViewController.m */,
				17E0F14F198270590049144A /* FirstScreenViewController.h */,
				17E0F150198270590049144A /* FirstScreenViewController.m */,
				F565CD5D195B6A5C002DA34C /* ViewController.h */,
				F565CD5E195B6A5C002DA34C /* ViewController.m */,
				F51D92CE1961E205008E05CD /* PlayScreenViewController.h */,
				F51D92CF1961E205008E05CD /* PlayScreenViewController.m */,
				F565CD60195B6A5C002DA34C /* Images.xcassets */,
				F565CD4F195B6A5B002DA34C /* Supporting Files */,
			);
			path = AutoRap;
			sourceTree = "<group>";
		};
		F565CD4F195B6A5B002DA34C /* Supporting Files */ = {
			isa = PBXGroup;
			children = (
				41BAB49819964306002FEFD3 /* 9 Aug */,
				17E0F131198268E80049144A /* BondStreet ArtWork */,
				170F7E2C19629ED400D04D3F /* splash Screen.jpg */,
				41AC3235195C57FF002755EF /* reference images */,
				41B3839C195C36AB00DF4B8B /* screen 2 */,
				41B383A1195C36AB00DF4B8B /* Screen 3 */,
				41B383A5195C36AB00DF4B8B /* Screen 4 */,
				F548608F195B8C0F00E4226C /* Gangster hip hop.mp3 */,
				17E0F14B19826F1C0049144A /* Grind n Teeth.mp3 */,
				17E0F14D19826F250049144A /* CHeer ful hip hop.mp3 */,
				F565CD50195B6A5B002DA34C /* AutoRap-Info.plist */,
				F565CD51195B6A5C002DA34C /* InfoPlist.strings */,
				F565CD54195B6A5C002DA34C /* main.m */,
				F565CD56195B6A5C002DA34C /* AutoRap-Prefix.pch */,
			);
			name = "Supporting Files";
			sourceTree = "<group>";
		};
		F565CD6D195B6A5C002DA34C /* AutoRapTests */ = {
			isa = PBXGroup;
			children = (
				F565CD73195B6A5C002DA34C /* AutoRapTests.m */,
				F565CD6E195B6A5C002DA34C /* Supporting Files */,
			);
			path = AutoRapTests;
			sourceTree = "<group>";
		};
		F565CD6E195B6A5C002DA34C /* Supporting Files */ = {
			isa = PBXGroup;
			children = (
				F565CD6F195B6A5C002DA34C /* AutoRapTests-Info.plist */,
				F565CD70195B6A5C002DA34C /* InfoPlist.strings */,
			);
			name = "Supporting Files";
			sourceTree = "<group>";
		};
		F565CD8B195B6E41002DA34C /* Modules */ = {
			isa = PBXGroup;
			children = (
				F565CD8C195B6E41002DA34C /* AEExpanderFilter.h */,
				F565CD8D195B6E41002DA34C /* AEExpanderFilter.m */,
				F565CD8E195B6E41002DA34C /* AELimiter.h */,
				F565CD8F195B6E41002DA34C /* AELimiter.m */,
				F565CD90195B6E41002DA34C /* AELimiterFilter.h */,
				F565CD91195B6E41002DA34C /* AELimiterFilter.m */,
				F565CD92195B6E41002DA34C /* AEMixerBuffer.h */,
				F565CD93195B6E41002DA34C /* AEMixerBuffer.m */,
				F565CD94195B6E41002DA34C /* AEPlaythroughChannel.h */,
				F565CD95195B6E41002DA34C /* AEPlaythroughChannel.m */,
				F565CD96195B6E41002DA34C /* AERecorder.h */,
				F565CD97195B6E41002DA34C /* AERecorder.m */,
				F565CD98195B6E41002DA34C /* TPCircularBuffer */,
			);
			path = Modules;
			sourceTree = "<group>";
		};
		F565CD98195B6E41002DA34C /* TPCircularBuffer */ = {
			isa = PBXGroup;
			children = (
				F565CD99195B6E41002DA34C /* README.markdown */,
				F565CD9A195B6E41002DA34C /* TPCircularBuffer+AudioBufferList.c */,
				F565CD9B195B6E41002DA34C /* TPCircularBuffer+AudioBufferList.h */,
				F565CD9C195B6E41002DA34C /* TPCircularBuffer.c */,
				F565CD9D195B6E41002DA34C /* TPCircularBuffer.h */,
			);
			path = TPCircularBuffer;
			sourceTree = "<group>";
		};
/* End PBXGroup section */

/* Begin PBXNativeTarget section */
		F565CD44195B6A5B002DA34C /* AutoRap */ = {
			isa = PBXNativeTarget;
			buildConfigurationList = F565CD77195B6A5C002DA34C /* Build configuration list for PBXNativeTarget "AutoRap" */;
			buildPhases = (
				F565CD41195B6A5B002DA34C /* Sources */,
				F565CD42195B6A5B002DA34C /* Frameworks */,
				F565CD43195B6A5B002DA34C /* Resources */,
			);
			buildRules = (
			);
			dependencies = (
				414CDEBD19963E71003AFE20 /* PBXTargetDependency */,
			);
			name = AutoRap;
			productName = AutoRap;
			productReference = F565CD45195B6A5B002DA34C /* AutoRap.app */;
			productType = "com.apple.product-type.application";
		};
		F565CD65195B6A5C002DA34C /* AutoRapTests */ = {
			isa = PBXNativeTarget;
			buildConfigurationList = F565CD7A195B6A5C002DA34C /* Build configuration list for PBXNativeTarget "AutoRapTests" */;
			buildPhases = (
				F565CD62195B6A5C002DA34C /* Sources */,
				F565CD63195B6A5C002DA34C /* Frameworks */,
				F565CD64195B6A5C002DA34C /* Resources */,
			);
			buildRules = (
			);
			dependencies = (
				F565CD6C195B6A5C002DA34C /* PBXTargetDependency */,
			);
			name = AutoRapTests;
			productName = AutoRapTests;
			productReference = F565CD66195B6A5C002DA34C /* AutoRapTests.xctest */;
			productType = "com.apple.product-type.bundle.unit-test";
		};
/* End PBXNativeTarget section */

/* Begin PBXProject section */
		F565CD3D195B6A5B002DA34C /* Project object */ = {
			isa = PBXProject;
			attributes = {
				LastUpgradeCheck = 0510;
				ORGANIZATIONNAME = "Ahmad Karim";
				TargetAttributes = {
					F565CD44195B6A5B002DA34C = {
						DevelopmentTeam = VM9TZ5P7XR;
					};
					F565CD65195B6A5C002DA34C = {
						TestTargetID = F565CD44195B6A5B002DA34C;
					};
				};
			};
			buildConfigurationList = F565CD40195B6A5B002DA34C /* Build configuration list for PBXProject "AutoRap" */;
			compatibilityVersion = "Xcode 3.2";
			developmentRegion = English;
			hasScannedForEncodings = 0;
			knownRegions = (
				en,
				Base,
			);
			mainGroup = F565CD3C195B6A5B002DA34C;
			productRefGroup = F565CD46195B6A5B002DA34C /* Products */;
			projectDirPath = "";
			projectReferences = (
				{
					ProductGroup = 4173AF4619963CFC0098F6F4 /* Products */;
					ProjectRef = 4173AF4519963CFC0098F6F4 /* TheAmazingAudioEngine.xcodeproj */;
				},
			);
			projectRoot = "";
			targets = (
				F565CD44195B6A5B002DA34C /* AutoRap */,
				F565CD65195B6A5C002DA34C /* AutoRapTests */,
			);
		};
/* End PBXProject section */

/* Begin PBXReferenceProxy section */
		4173AF4A19963CFC0098F6F4 /* libTheAmazingAudioEngine.a */ = {
			isa = PBXReferenceProxy;
			fileType = archive.ar;
			path = libTheAmazingAudioEngine.a;
			remoteRef = 4173AF4919963CFC0098F6F4 /* PBXContainerItemProxy */;
			sourceTree = BUILT_PRODUCTS_DIR;
		};
/* End PBXReferenceProxy section */

/* Begin PBXResourcesBuildPhase section */
		F565CD43195B6A5B002DA34C /* Resources */ = {
			isa = PBXResourcesBuildPhase;
			buildActionMask = 2147483647;
			files = (
				41BAB4A219964321002FEFD3 /* button-02 9Aug.png in Resources */,
				41BAB4AF19965594002FEFD3 /* msg1 31jan.png in Resources */,
				17E0F147198269820049144A /* 03.png in Resources */,
				41BAB4A119964321002FEFD3 /* button-01 9Aug.png in Resources */,
				17E0F1401982695F0049144A /* 02.png in Resources */,
				41B383B0195C36AB00DF4B8B /* bg4.png in Resources */,
				1799D1481993814E00553CEE /* blur alpha.png in Resources */,
				41B383AD195C36AB00DF4B8B /* bg3.png in Resources */,
				41BAB4A419964321002FEFD3 /* new record song 9Aug.png in Resources */,
				41B383AC195C36AB00DF4B8B /* time line.png in Resources */,
				F565CD61195B6A5C002DA34C /* Images.xcassets in Resources */,
				41AC323B195C5816002755EF /* 04.jpg in Resources */,
				F565CD53195B6A5C002DA34C /* InfoPlist.strings in Resources */,
				17E0F14C19826F1C0049144A /* Grind n Teeth.mp3 in Resources */,
				41AC3239195C5816002755EF /* 02.jpg in Resources */,
				41AC323E195C6535002755EF /* record button press.png in Resources */,
				41AC3242195C6559002755EF /* play button press.png in Resources */,
				17E0F15319827F140049144A /* play button screen 1.png in Resources */,
				17E0F1421982695F0049144A /* play button.png in Resources */,
				41B383A9195C36AB00DF4B8B /* bg2.png in Resources */,
				41B383AB195C36AB00DF4B8B /* song bar.png in Resources */,
				41AC323F195C6535002755EF /* record button un press.png in Resources */,
				1799D14B19938C8000553CEE /* record blur.png in Resources */,
				41BAB4A319964321002FEFD3 /* new bg 9Aug.png in Resources */,
				1799D13F1993761C00553CEE /* recording.png in Resources */,
				17E0F14E19826F250049144A /* CHeer ful hip hop.mp3 in Resources */,
				41BAB4AA19964E67002FEFD3 /* pause button 9 Aug.png in Resources */,
				41BAB4A619964321002FEFD3 /* play song 9Aug.png in Resources */,
				F565CDAA195B6E41002DA34C /* README.markdown in Resources */,
				41AC3243195C6559002755EF /* play button un press.png in Resources */,
				41BAB4A819964321002FEFD3 /* splash screen 9Aug.png in Resources */,
				41BAB4A519964321002FEFD3 /* new record song blur 9Aug.PNG in Resources */,
				F5486090195B8C0F00E4226C /* Gangster hip hop.mp3 in Resources */,
				170F7E2D19629ED400D04D3F /* splash Screen.jpg in Resources */,
				41BAB4A719964321002FEFD3 /* select tune 9Aug.png in Resources */,
				F565CD5C195B6A5C002DA34C /* Main.storyboard in Resources */,
				1799D1451993814700553CEE /* play song.png in Resources */,
				17E0F139198269380049144A /* bar.png in Resources */,
				F51D92D519623528008E05CD /* morven strip.png in Resources */,
				17E0F1411982695F0049144A /* play button press.png in Resources */,
				17E0F13A198269380049144A /* bg.png in Resources */,
				41BAB4B019965594002FEFD3 /* msg2 31jan.png in Resources */,
				1799D1421993813C00553CEE /* record song.png in Resources */,
				41BAB4B119965594002FEFD3 /* msg3 31jan.png in Resources */,
				17E0F14A198269820049144A /* record button press.png in Resources */,
				41AC323A195C5816002755EF /* 03.jpg in Resources */,
				17E0F148198269820049144A /* record button .png in Resources */,
			);
			runOnlyForDeploymentPostprocessing = 0;
		};
		F565CD64195B6A5C002DA34C /* Resources */ = {
			isa = PBXResourcesBuildPhase;
			buildActionMask = 2147483647;
			files = (
				1799D1431993813C00553CEE /* record song.png in Resources */,
				F565CDAB195B6E41002DA34C /* README.markdown in Resources */,
				F565CD72195B6A5C002DA34C /* InfoPlist.strings in Resources */,
				F5486091195B8C0F00E4226C /* Gangster hip hop.mp3 in Resources */,
				1799D1491993814E00553CEE /* blur alpha.png in Resources */,
				170F7E2E19629ED400D04D3F /* splash Screen.jpg in Resources */,
				1799D14C19938C8000553CEE /* record blur.png in Resources */,
				1799D1461993814700553CEE /* play song.png in Resources */,
				1799D1401993761C00553CEE /* recording.png in Resources */,
			);
			runOnlyForDeploymentPostprocessing = 0;
		};
/* End PBXResourcesBuildPhase section */

/* Begin PBXSourcesBuildPhase section */
		F565CD41195B6A5B002DA34C /* Sources */ = {
			isa = PBXSourcesBuildPhase;
			buildActionMask = 2147483647;
			files = (
				F565CDAE195B6E41002DA34C /* TPCircularBuffer.c in Sources */,
				41BAB4B41996560C002FEFD3 /* SplashScreenViewController.m in Sources */,
				F565CDA2195B6E41002DA34C /* AELimiterFilter.m in Sources */,
				F565CD9E195B6E41002DA34C /* AEExpanderFilter.m in Sources */,
				17E0F151198270590049144A /* FirstScreenViewController.m in Sources */,
				F565CD5F195B6A5C002DA34C /* ViewController.m in Sources */,
				F565CDAC195B6E41002DA34C /* TPCircularBuffer+AudioBufferList.c in Sources */,
				F565CDA4195B6E41002DA34C /* AEMixerBuffer.m in Sources */,
				F565CDA8195B6E41002DA34C /* AERecorder.m in Sources */,
				F565CD59195B6A5C002DA34C /* AppDelegate.m in Sources */,
				F565CD55195B6A5C002DA34C /* main.m in Sources */,
				F565CDA0195B6E41002DA34C /* AELimiter.m in Sources */,
				F51D92D01961E205008E05CD /* PlayScreenViewController.m in Sources */,
				F565CDA6195B6E41002DA34C /* AEPlaythroughChannel.m in Sources */,
			);
			runOnlyForDeploymentPostprocessing = 0;
		};
		F565CD62195B6A5C002DA34C /* Sources */ = {
			isa = PBXSourcesBuildPhase;
			buildActionMask = 2147483647;
			files = (
				F565CD9F195B6E41002DA34C /* AEExpanderFilter.m in Sources */,
				F565CDA9195B6E41002DA34C /* AERecorder.m in Sources */,
				F565CD74195B6A5C002DA34C /* AutoRapTests.m in Sources */,
				F565CDA3195B6E41002DA34C /* AELimiterFilter.m in Sources */,
				F565CDA5195B6E41002DA34C /* AEMixerBuffer.m in Sources */,
				F565CDAD195B6E41002DA34C /* TPCircularBuffer+AudioBufferList.c in Sources */,
				F565CDAF195B6E41002DA34C /* TPCircularBuffer.c in Sources */,
				F565CDA1195B6E41002DA34C /* AELimiter.m in Sources */,
				F565CDA7195B6E41002DA34C /* AEPlaythroughChannel.m in Sources */,
			);
			runOnlyForDeploymentPostprocessing = 0;
		};
/* End PBXSourcesBuildPhase section */

/* Begin PBXTargetDependency section */
		414CDEBD19963E71003AFE20 /* PBXTargetDependency */ = {
			isa = PBXTargetDependency;
			name = TheAmazingAudioEngine;
			targetProxy = 414CDEBC19963E71003AFE20 /* PBXContainerItemProxy */;
		};
		F565CD6C195B6A5C002DA34C /* PBXTargetDependency */ = {
			isa = PBXTargetDependency;
			target = F565CD44195B6A5B002DA34C /* AutoRap */;
			targetProxy = F565CD6B195B6A5C002DA34C /* PBXContainerItemProxy */;
		};
/* End PBXTargetDependency section */

/* Begin PBXVariantGroup section */
		F565CD51195B6A5C002DA34C /* InfoPlist.strings */ = {
			isa = PBXVariantGroup;
			children = (
				F565CD52195B6A5C002DA34C /* en */,
			);
			name = InfoPlist.strings;
			sourceTree = "<group>";
		};
		F565CD5A195B6A5C002DA34C /* Main.storyboard */ = {
			isa = PBXVariantGroup;
			children = (
				F565CD5B195B6A5C002DA34C /* Base */,
			);
			name = Main.storyboard;
			sourceTree = "<group>";
		};
		F565CD70195B6A5C002DA34C /* InfoPlist.strings */ = {
			isa = PBXVariantGroup;
			children = (
				F565CD71195B6A5C002DA34C /* en */,
			);
			name = InfoPlist.strings;
			sourceTree = "<group>";
		};
/* End PBXVariantGroup section */

/* Begin XCBuildConfiguration section */
		F565CD75195B6A5C002DA34C /* Debug */ = {
			isa = XCBuildConfiguration;
			buildSettings = {
				ALWAYS_SEARCH_USER_PATHS = NO;
				CLANG_CXX_LANGUAGE_STANDARD = "gnu++0x";
				CLANG_CXX_LIBRARY = "libc++";
				CLANG_ENABLE_MODULES = YES;
				CLANG_ENABLE_OBJC_ARC = YES;
				CLANG_WARN_BOOL_CONVERSION = YES;
				CLANG_WARN_CONSTANT_CONVERSION = YES;
				CLANG_WARN_DIRECT_OBJC_ISA_USAGE = YES_ERROR;
				CLANG_WARN_EMPTY_BODY = YES;
				CLANG_WARN_ENUM_CONVERSION = YES;
				CLANG_WARN_INT_CONVERSION = YES;
				CLANG_WARN_OBJC_ROOT_CLASS = YES_ERROR;
				CLANG_WARN__DUPLICATE_METHOD_MATCH = YES;
				"CODE_SIGN_IDENTITY[sdk=iphoneos*]" = "iPhone Developer";
				COPY_PHASE_STRIP = NO;
				GCC_C_LANGUAGE_STANDARD = gnu99;
				GCC_DYNAMIC_NO_PIC = NO;
				GCC_OPTIMIZATION_LEVEL = 0;
				GCC_PREPROCESSOR_DEFINITIONS = (
					"DEBUG=1",
					"$(inherited)",
				);
				GCC_SYMBOLS_PRIVATE_EXTERN = NO;
				GCC_WARN_64_TO_32_BIT_CONVERSION = YES;
				GCC_WARN_ABOUT_RETURN_TYPE = YES_ERROR;
				GCC_WARN_UNDECLARED_SELECTOR = YES;
				GCC_WARN_UNINITIALIZED_AUTOS = YES_AGGRESSIVE;
				GCC_WARN_UNUSED_FUNCTION = YES;
				GCC_WARN_UNUSED_VARIABLE = YES;
				IPHONEOS_DEPLOYMENT_TARGET = 7.0;
				ONLY_ACTIVE_ARCH = YES;
				SDKROOT = iphoneos;
				TARGETED_DEVICE_FAMILY = 2;
				VALID_ARCHS = "armv7 armv7s arm64";
			};
			name = Debug;
		};
		F565CD76195B6A5C002DA34C /* Release */ = {
			isa = XCBuildConfiguration;
			buildSettings = {
				ALWAYS_SEARCH_USER_PATHS = NO;
				CLANG_CXX_LANGUAGE_STANDARD = "gnu++0x";
				CLANG_CXX_LIBRARY = "libc++";
				CLANG_ENABLE_MODULES = YES;
				CLANG_ENABLE_OBJC_ARC = YES;
				CLANG_WARN_BOOL_CONVERSION = YES;
				CLANG_WARN_CONSTANT_CONVERSION = YES;
				CLANG_WARN_DIRECT_OBJC_ISA_USAGE = YES_ERROR;
				CLANG_WARN_EMPTY_BODY = YES;
				CLANG_WARN_ENUM_CONVERSION = YES;
				CLANG_WARN_INT_CONVERSION = YES;
				CLANG_WARN_OBJC_ROOT_CLASS = YES_ERROR;
				CLANG_WARN__DUPLICATE_METHOD_MATCH = YES;
				"CODE_SIGN_IDENTITY[sdk=iphoneos*]" = "iPhone Developer";
				COPY_PHASE_STRIP = YES;
				ENABLE_NS_ASSERTIONS = NO;
				GCC_C_LANGUAGE_STANDARD = gnu99;
				GCC_WARN_64_TO_32_BIT_CONVERSION = YES;
				GCC_WARN_ABOUT_RETURN_TYPE = YES_ERROR;
				GCC_WARN_UNDECLARED_SELECTOR = YES;
				GCC_WARN_UNINITIALIZED_AUTOS = YES_AGGRESSIVE;
				GCC_WARN_UNUSED_FUNCTION = YES;
				GCC_WARN_UNUSED_VARIABLE = YES;
				IPHONEOS_DEPLOYMENT_TARGET = 7.0;
				SDKROOT = iphoneos;
				TARGETED_DEVICE_FAMILY = 2;
				VALIDATE_PRODUCT = YES;
				VALID_ARCHS = "armv7 armv7s arm64";
			};
			name = Release;
		};
		F565CD78195B6A5C002DA34C /* Debug */ = {
			isa = XCBuildConfiguration;
			buildSettings = {
				ASSETCATALOG_COMPILER_APPICON_NAME = AppIcon;
				ASSETCATALOG_COMPILER_LAUNCHIMAGE_NAME = LaunchImage;
				CODE_SIGN_IDENTITY = "iPhone Developer";
				GCC_PRECOMPILE_PREFIX_HEADER = YES;
				GCC_PREFIX_HEADER = "AutoRap/AutoRap-Prefix.pch";
				HEADER_SEARCH_PATHS = "/Users/nauman/Desktop/TheAmazingAudioEngine\\ copy/TheAmazingAudioEngine";
				"HEADER_SEARCH_PATHS[arch=*]" = "/Users/nauman/Desktop/TheAmazingAudioEngine\\ copy/TheAmazingAudioEngine";
				INFOPLIST_FILE = "AutoRap/AutoRap-Info.plist";
				IPHONEOS_DEPLOYMENT_TARGET = 7.0;
				PRODUCT_NAME = "$(TARGET_NAME)";
				WRAPPER_EXTENSION = app;
			};
			name = Debug;
		};
		F565CD79195B6A5C002DA34C /* Release */ = {
			isa = XCBuildConfiguration;
			buildSettings = {
				ASSETCATALOG_COMPILER_APPICON_NAME = AppIcon;
				ASSETCATALOG_COMPILER_LAUNCHIMAGE_NAME = LaunchImage;
				CODE_SIGN_IDENTITY = "iPhone Developer";
				GCC_PRECOMPILE_PREFIX_HEADER = YES;
				GCC_PREFIX_HEADER = "AutoRap/AutoRap-Prefix.pch";
				HEADER_SEARCH_PATHS = "/Users/nauman/Desktop/TheAmazingAudioEngine\\ copy/TheAmazingAudioEngine";
				"HEADER_SEARCH_PATHS[arch=*]" = "/Users/nauman/Desktop/TheAmazingAudioEngine\\ copy/TheAmazingAudioEngine";
				INFOPLIST_FILE = "AutoRap/AutoRap-Info.plist";
				IPHONEOS_DEPLOYMENT_TARGET = 7.0;
				PRODUCT_NAME = "$(TARGET_NAME)";
				WRAPPER_EXTENSION = app;
			};
			name = Release;
		};
		F565CD7B195B6A5C002DA34C /* Debug */ = {
			isa = XCBuildConfiguration;
			buildSettings = {
				BUNDLE_LOADER = "$(BUILT_PRODUCTS_DIR)/AutoRap.app/AutoRap";
				FRAMEWORK_SEARCH_PATHS = (
					"$(SDKROOT)/Developer/Library/Frameworks",
					"$(inherited)",
					"$(DEVELOPER_FRAMEWORKS_DIR)",
				);
				GCC_PRECOMPILE_PREFIX_HEADER = YES;
				GCC_PREFIX_HEADER = "AutoRap/AutoRap-Prefix.pch";
				GCC_PREPROCESSOR_DEFINITIONS = (
					"DEBUG=1",
					"$(inherited)",
				);
				INFOPLIST_FILE = "AutoRapTests/AutoRapTests-Info.plist";
				IPHONEOS_DEPLOYMENT_TARGET = 7.0;
				PRODUCT_NAME = "$(TARGET_NAME)";
				TEST_HOST = "$(BUNDLE_LOADER)";
				WRAPPER_EXTENSION = xctest;
			};
			name = Debug;
		};
		F565CD7C195B6A5C002DA34C /* Release */ = {
			isa = XCBuildConfiguration;
			buildSettings = {
				BUNDLE_LOADER = "$(BUILT_PRODUCTS_DIR)/AutoRap.app/AutoRap";
				FRAMEWORK_SEARCH_PATHS = (
					"$(SDKROOT)/Developer/Library/Frameworks",
					"$(inherited)",
					"$(DEVELOPER_FRAMEWORKS_DIR)",
				);
				GCC_PRECOMPILE_PREFIX_HEADER = YES;
				GCC_PREFIX_HEADER = "AutoRap/AutoRap-Prefix.pch";
				INFOPLIST_FILE = "AutoRapTests/AutoRapTests-Info.plist";
				IPHONEOS_DEPLOYMENT_TARGET = 7.0;
				PRODUCT_NAME = "$(TARGET_NAME)";
				TEST_HOST = "$(BUNDLE_LOADER)";
				WRAPPER_EXTENSION = xctest;
			};
			name = Release;
		};
/* End XCBuildConfiguration section */

/* Begin XCConfigurationList section */
		F565CD40195B6A5B002DA34C /* Build configuration list for PBXProject "AutoRap" */ = {
			isa = XCConfigurationList;
			buildConfigurations = (
				F565CD75195B6A5C002DA34C /* Debug */,
				F565CD76195B6A5C002DA34C /* Release */,
			);
			defaultConfigurationIsVisible = 0;
			defaultConfigurationName = Release;
		};
		F565CD77195B6A5C002DA34C /* Build configuration list for PBXNativeTarget "AutoRap" */ = {
			isa = XCConfigurationList;
			buildConfigurations = (
				F565CD78195B6A5C002DA34C /* Debug */,
				F565CD79195B6A5C002DA34C /* Release */,
			);
			defaultConfigurationIsVisible = 0;
			defaultConfigurationName = Release;
		};
		F565CD7A195B6A5C002DA34C /* Build configuration list for PBXNativeTarget "AutoRapTests" */ = {
			isa = XCConfigurationList;
			buildConfigurations = (
				F565CD7B195B6A5C002DA34C /* Debug */,
				F565CD7C195B6A5C002DA34C /* Release */,
			);
			defaultConfigurationIsVisible = 0;
			defaultConfigurationName = Release;
		};
/* End XCConfigurationList section */
	};
	rootObject = F565CD3D195B6A5B002DA34C /* Project object */;
}
